
Microsoft Visual Studio Solution File, Format Version 12.00
# Visual Studio Version 16
VisualStudioVersion = 16.0.31005.135
MinimumVisualStudioVersion = 10.0.40219.1
Project("{FAE04EC0-301F-11D3-BF4B-00C04F79EFBC}") = "calculator-task-2", "calculator-task-2.csproj", "{F7879916-7F3C-47A2-9C45-5CC9841A8FE7}"
EndProject
Global
	GlobalSection(SolutionConfigurationPlatforms) = preSolution
		Debug|Any CPU = Debug|Any CPU
		Release|Any CPU = Release|Any CPU
	EndGlobalSection
	GlobalSection(ProjectConfigurationPlatforms) = postSolution
		{F7879916-7F3C-47A2-9C45-5CC9841A8FE7}.Debug|Any CPU.ActiveCfg = Debug|Any CPU
		{F7879916-7F3C-47A2-9C45-5CC9841A8FE7}.Debug|Any CPU.Build.0 = Debug|Any CPU
		{F7879916-7F3C-47A2-9C45-5CC9841A8FE7}.Release|Any CPU.ActiveCfg = Release|Any CPU
		{F7879916-7F3C-47A2-9C45-5CC9841A8FE7}.Release|Any CPU.Build.0 = Release|Any CPU
	EndGlobalSection
	GlobalSection(SolutionProperties) = preSolution
		HideSolutionNode = FALSE
	EndGlobalSection
	GlobalSection(ExtensibilityGlobals) = postSolution
		SolutionGuid = {15678483-FB1A-4DD6-8E48-3AF94A2EF39F}
	EndGlobalSection
EndGlobal
